lockfile_version: '1'
generated_at: '2026-06-12T03:31:53.572853+00:00'
dependencies: []
deployments:
- kind: project-relative
  target: claude
  value: .claude/hooks/agent-tools/hooks/go-lint.sh
  runtime: null
  scope: project
  owners:
  - .
  active_owner: .
  content_hash: sha256:43246da28ccda66e17acafae220197c6c95403292b342b44d7fc437453438f6c
- kind: project-relative
  target: claude
  value: .claude/rules/worktree-wip.md
  runtime: null
  scope: project
  owners:
  - .
  active_owner: .
  content_hash: sha256:0204082643d1ea505ae20eaf93e7d94dd52b65046f3e4f290ec7bbc5c6093634
- kind: project-relative
  target: claude
  value: .claude/skills/commit
  runtime: null
  scope: project
  owners:
  - .
  active_owner: .
  content_hash: null
- kind: project-relative
  target: claude
  value: .claude/skills/commit/SKILL.md
  runtime: null
  scope: project
  owners:
  - .
  active_owner: .
  content_hash: sha256:b3552cbf25bc0cc25a478f7c6997303f4e8956e92794f40ca633b546830e1578
- kind: project-relative
  target: claude
  value: .claude/skills/commit/scripts/guard-git.sh
  runtime: null
  scope: project
  owners:
  - .
  active_owner: .
  content_hash: sha256:07c00ed86f574535a823dc36a9a59f7a05b23fbd4aedd2af078a068786e8fe2d
- kind: project-relative
  target: claude
  value: .claude/skills/commit/scripts/preflight.sh
  runtime: null
  scope: project
  owners:
  - .
  active_owner: .
  content_hash: sha256:b4556945e6ca78cf1c8bd34026c9dbafab812e66077b2a02f435440128407b2b
- kind: project-relative
  target: claude
  value: .claude/skills/commit/scripts/stamp-review.sh
  runtime: null
  scope: project
  owners:
  - .
  active_owner: .
  content_hash: sha256:389438eb7d6317c54ca275e36180a803d5fcafce6abf8878abc51e47c53d1780
- kind: project-relative
  target: claude
  value: .claude/skills/commit/tokens.json
  runtime: null
  scope: project
  owners:
  - .
  active_owner: .
  content_hash: sha256:194edbc6a415f3c2d318541304789b8d4b8a7f0df89265117fecd0c05e785288
- kind: project-relative
  target: claude
  value: .claude/skills/fix-pr
  runtime: null
  scope: project
  owners:
  - .
  active_owner: .
  content_hash: null
- kind: project-relative
  target: claude
  value: .claude/skills/fix-pr/SKILL.md
  runtime: null
  scope: project
  owners:
  - .
  active_owner: .
  content_hash: sha256:3ce67636cd5415c401a067782d3a8ecc3b4fe1f8db4056ec3ace82046c22f72a
- kind: project-relative
  target: claude
  value: .claude/skills/fix-pr/scripts/diagnose.sh
  runtime: null
  scope: project
  owners:
  - .
  active_owner: .
  content_hash: sha256:767cb1d690577d182be7c2f80b62ba4259c08cc8d5125838c2ed0926cadcd60a
- kind: project-relative
  target: claude
  value: .claude/skills/fix-pr/scripts/guard-fix.sh
  runtime: null
  scope: project
  owners:
  - .
  active_owner: .
  content_hash: sha256:29e45977f22e9f47942d6380ea609d57a1d4fa0f253d7ec9b93feaf49077a363
- kind: project-relative
  target: claude
  value: .claude/skills/fix-pr/tokens.json
  runtime: null
  scope: project
  owners:
  - .
  active_owner: .
  content_hash: sha256:3e483ab8f771d340fb24e0ef135b767daaf5b8e4ebe3b7ecdaf346acbf56315b
- kind: project-relative
  target: claude
  value: .claude/skills/merge-pr
  runtime: null
  scope: project
  owners:
  - .
  active_owner: .
  content_hash: null
- kind: project-relative
  target: claude
  value: .claude/skills/merge-pr/SKILL.md
  runtime: null
  scope: project
  owners:
  - .
  active_owner: .
  content_hash: sha256:4ade9e36fb0d208696a733872de754fedfa8c98a718579cf52db9580261bdb19
- kind: project-relative
  target: claude
  value: .claude/skills/merge-pr/scripts/guard-merge.sh
  runtime: null
  scope: project
  owners:
  - .
  active_owner: .
  content_hash: sha256:f36c2f0410b6ed7c3b874e946e5da7ba4ded171e673b088a121010942d75bbef
- kind: project-relative
  target: claude
  value: .claude/skills/merge-pr/scripts/preflight.sh
  runtime: null
  scope: project
  owners:
  - .
  active_owner: .
  content_hash: sha256:800297e011e1a0fef777441bfcf9bdd01e71a01928d2b18037509af4977e661f
- kind: project-relative
  target: claude
  value: .claude/skills/merge-pr/scripts/squash-merge.sh
  runtime: null
  scope: project
  owners:
  - .
  active_owner: .
  content_hash: sha256:7bdc46b8ba74ee427c44544ab3bcd9436616ff0ad051e193ef458838c5ca4c5b
- kind: project-relative
  target: claude
  value: .claude/skills/merge-pr/scripts/squash-message.sh
  runtime: null
  scope: project
  owners:
  - .
  active_owner: .
  content_hash: sha256:bec94b6f72d00d2d2e8047a2c4f0b4158ce67ff5c093497bfd29a94e6c8468f7
- kind: project-relative
  target: claude
  value: .claude/skills/merge-pr/scripts/stamp-review.sh
  runtime: null
  scope: project
  owners:
  - .
  active_owner: .
  content_hash: sha256:447cd0d742c563df240b1aa60f5c9032683ce5825d0c51327159c2a1ec7abe71
- kind: project-relative
  target: claude
  value: .claude/skills/merge-pr/tokens.json
  runtime: null
  scope: project
  owners:
  - .
  active_owner: .
  content_hash: sha256:08bfe13d4eb9f88f1470111712f2077f31a3c57237137738bb927c742fea2f7c
- kind: project-relative
  target: claude
  value: .claude/skills/pr
  runtime: null
  scope: project
  owners:
  - .
  active_owner: .
  content_hash: null
- kind: project-relative
  target: claude
  value: .claude/skills/pr/SKILL.md
  runtime: null
  scope: project
  owners:
  - .
  active_owner: .
  content_hash: sha256:ee228a6f71b239e83cb9d1b4f89fda821f5864384fc314482bd280b2aee32b6e
- kind: project-relative
  target: claude
  value: .claude/skills/pr/scripts/create-pr.sh
  runtime: null
  scope: project
  owners:
  - .
  active_owner: .
  content_hash: sha256:666eb5654bdb01717eef09c1e9e29381f13fb9b04ea88b1004fa7fd0b90fcff0
- kind: project-relative
  target: claude
  value: .claude/skills/pr/scripts/guard-gh.sh
  runtime: null
  scope: project
  owners:
  - .
  active_owner: .
  content_hash: sha256:4d45156f8b21f4f505fdb33a4e40973d36a0115a8d49af1cb70e696c75275564
- kind: project-relative
  target: claude
  value: .claude/skills/pr/scripts/preflight.sh
  runtime: null
  scope: project
  owners:
  - .
  active_owner: .
  content_hash: sha256:6e82a20ed3276d98c62ba3d2128fba8c03a90237e506ac585e5e398d281d7387
- kind: project-relative
  target: claude
  value: .claude/skills/pr/scripts/stamp-review.sh
  runtime: null
  scope: project
  owners:
  - .
  active_owner: .
  content_hash: sha256:198b887cf78c83c596e39ee9703bc8948030340827c65fb6439d6736ff3fd260
- kind: project-relative
  target: claude
  value: .claude/skills/pr/scripts/validate-description.sh
  runtime: null
  scope: project
  owners:
  - .
  active_owner: .
  content_hash: sha256:024882b913c0e42ea39a667b99d7e3932f1e575e4ac3b002ebd64d3306d63861
- kind: project-relative
  target: claude
  value: .claude/skills/pr/tokens.json
  runtime: null
  scope: project
  owners:
  - .
  active_owner: .
  content_hash: sha256:17e96be262ca1597455c292a984b226d52a35671079f6287b91db2f2cc3a4058
- kind: project-relative
  target: claude
  value: .claude/skills/review-commit-message
  runtime: null
  scope: project
  owners:
  - .
  active_owner: .
  content_hash: null
- kind: project-relative
  target: claude
  value: .claude/skills/review-commit-message/SKILL.md
  runtime: null
  scope: project
  owners:
  - .
  active_owner: .
  content_hash: sha256:f891f0a39f711a56cbfa578f9a8f34b7937f9d4205d6829e9e8e76ed98664f62
- kind: project-relative
  target: claude
  value: .claude/skills/review-commit-message/tokens.json
  runtime: null
  scope: project
  owners:
  - .
  active_owner: .
  content_hash: sha256:b2d1047ebab2909ca26d197719f3eb11ecc5effc0b2e59ba2a8f5820572ea7e9
- kind: project-relative
  target: claude
  value: .claude/skills/review-pr-description
  runtime: null
  scope: project
  owners:
  - .
  active_owner: .
  content_hash: null
- kind: project-relative
  target: claude
  value: .claude/skills/review-pr-description/SKILL.md
  runtime: null
  scope: project
  owners:
  - .
  active_owner: .
  content_hash: sha256:6b17e6d3a32153defc35e9f0fc6069ce9401db9e6d703197a4278ca4bc3f986e
- kind: project-relative
  target: claude
  value: .claude/skills/review-pr-description/tokens.json
  runtime: null
  scope: project
  owners:
  - .
  active_owner: .
  content_hash: sha256:4c468c00058de4536581d7b4292c3335666c9c5e6c83e2e5516561098ef03bf2
- kind: project-relative
  target: claude
  value: .claude/skills/review-squash-message
  runtime: null
  scope: project
  owners:
  - .
  active_owner: .
  content_hash: null
- kind: project-relative
  target: claude
  value: .claude/skills/review-squash-message/SKILL.md
  runtime: null
  scope: project
  owners:
  - .
  active_owner: .
  content_hash: sha256:9db35c03690aea83c48e78b8395a0d9cd59e3799727d916b31dc645d5c11f11f
- kind: project-relative
  target: claude
  value: .claude/skills/review-squash-message/tokens.json
  runtime: null
  scope: project
  owners:
  - .
  active_owner: .
  content_hash: sha256:3e4ca5d92ec4f4477da7a0fedce1b82afe785479a670d30e2db130ace6804183
- kind: project-relative
  target: claude
  value: .claude/skills/watch-pr
  runtime: null
  scope: project
  owners:
  - .
  active_owner: .
  content_hash: null
- kind: project-relative
  target: claude
  value: .claude/skills/watch-pr/SKILL.md
  runtime: null
  scope: project
  owners:
  - .
  active_owner: .
  content_hash: sha256:69438c816533f7f0f9428323e9fd1bb489bb1dc93b5f4245c2a958eef70a1c2a
- kind: project-relative
  target: claude
  value: .claude/skills/watch-pr/scripts/guard-watch.sh
  runtime: null
  scope: project
  owners:
  - .
  active_owner: .
  content_hash: sha256:267f29c29cd76de5f4e61ebb6b73245c838b9b7e15d076828a5db79d5b467946
- kind: project-relative
  target: claude
  value: .claude/skills/watch-pr/scripts/watch-checks.sh
  runtime: null
  scope: project
  owners:
  - .
  active_owner: .
  content_hash: sha256:585f8d32f05d9653ce0766a8fb0bee23754a386c048365a70431fff4443ce461
- kind: project-relative
  target: claude
  value: .claude/skills/watch-pr/tokens.json
  runtime: null
  scope: project
  owners:
  - .
  active_owner: .
  content_hash: sha256:4e017dfa7a18071a590171d8eb4c879d6006ace847b79688be6989ef5239a9d2
local_deployed_files:
- .claude/hooks/agent-tools/hooks/go-lint.sh
- .claude/rules/worktree-wip.md
- .claude/skills/commit
- .claude/skills/commit/SKILL.md
- .claude/skills/commit/scripts/guard-git.sh
- .claude/skills/commit/scripts/preflight.sh
- .claude/skills/commit/scripts/stamp-review.sh
- .claude/skills/commit/tokens.json
- .claude/skills/fix-pr
- .claude/skills/fix-pr/SKILL.md
- .claude/skills/fix-pr/scripts/diagnose.sh
- .claude/skills/fix-pr/scripts/guard-fix.sh
- .claude/skills/fix-pr/tokens.json
- .claude/skills/merge-pr
- .claude/skills/merge-pr/SKILL.md
- .claude/skills/merge-pr/scripts/guard-merge.sh
- .claude/skills/merge-pr/scripts/preflight.sh
- .claude/skills/merge-pr/scripts/squash-merge.sh
- .claude/skills/merge-pr/scripts/squash-message.sh
- .claude/skills/merge-pr/scripts/stamp-review.sh
- .claude/skills/merge-pr/tokens.json
- .claude/skills/pr
- .claude/skills/pr/SKILL.md
- .claude/skills/pr/scripts/create-pr.sh
- .claude/skills/pr/scripts/guard-gh.sh
- .claude/skills/pr/scripts/preflight.sh
- .claude/skills/pr/scripts/stamp-review.sh
- .claude/skills/pr/scripts/validate-description.sh
- .claude/skills/pr/tokens.json
- .claude/skills/review-commit-message
- .claude/skills/review-commit-message/SKILL.md
- .claude/skills/review-commit-message/tokens.json
- .claude/skills/review-pr-description
- .claude/skills/review-pr-description/SKILL.md
- .claude/skills/review-pr-description/tokens.json
- .claude/skills/review-squash-message
- .claude/skills/review-squash-message/SKILL.md
- .claude/skills/review-squash-message/tokens.json
- .claude/skills/watch-pr
- .claude/skills/watch-pr/SKILL.md
- .claude/skills/watch-pr/scripts/guard-watch.sh
- .claude/skills/watch-pr/scripts/watch-checks.sh
- .claude/skills/watch-pr/tokens.json
local_deployed_file_hashes:
  .claude/hooks/agent-tools/hooks/go-lint.sh: sha256:43246da28ccda66e17acafae220197c6c95403292b342b44d7fc437453438f6c
  .claude/rules/worktree-wip.md: sha256:0204082643d1ea505ae20eaf93e7d94dd52b65046f3e4f290ec7bbc5c6093634
  .claude/skills/commit/SKILL.md: sha256:b3552cbf25bc0cc25a478f7c6997303f4e8956e92794f40ca633b546830e1578
  .claude/skills/commit/scripts/guard-git.sh: sha256:07c00ed86f574535a823dc36a9a59f7a05b23fbd4aedd2af078a068786e8fe2d
  .claude/skills/commit/scripts/preflight.sh: sha256:b4556945e6ca78cf1c8bd34026c9dbafab812e66077b2a02f435440128407b2b
  .claude/skills/commit/scripts/stamp-review.sh: sha256:389438eb7d6317c54ca275e36180a803d5fcafce6abf8878abc51e47c53d1780
  .claude/skills/commit/tokens.json: sha256:194edbc6a415f3c2d318541304789b8d4b8a7f0df89265117fecd0c05e785288
  .claude/skills/fix-pr/SKILL.md: sha256:3ce67636cd5415c401a067782d3a8ecc3b4fe1f8db4056ec3ace82046c22f72a
  .claude/skills/fix-pr/scripts/diagnose.sh: sha256:767cb1d690577d182be7c2f80b62ba4259c08cc8d5125838c2ed0926cadcd60a
  .claude/skills/fix-pr/scripts/guard-fix.sh: sha256:29e45977f22e9f47942d6380ea609d57a1d4fa0f253d7ec9b93feaf49077a363
  .claude/skills/fix-pr/tokens.json: sha256:3e483ab8f771d340fb24e0ef135b767daaf5b8e4ebe3b7ecdaf346acbf56315b
  .claude/skills/merge-pr/SKILL.md: sha256:4ade9e36fb0d208696a733872de754fedfa8c98a718579cf52db9580261bdb19
  .claude/skills/merge-pr/scripts/guard-merge.sh: sha256:f36c2f0410b6ed7c3b874e946e5da7ba4ded171e673b088a121010942d75bbef
  .claude/skills/merge-pr/scripts/preflight.sh: sha256:800297e011e1a0fef777441bfcf9bdd01e71a01928d2b18037509af4977e661f
  .claude/skills/merge-pr/scripts/squash-merge.sh: sha256:7bdc46b8ba74ee427c44544ab3bcd9436616ff0ad051e193ef458838c5ca4c5b
  .claude/skills/merge-pr/scripts/squash-message.sh: sha256:bec94b6f72d00d2d2e8047a2c4f0b4158ce67ff5c093497bfd29a94e6c8468f7
  .claude/skills/merge-pr/scripts/stamp-review.sh: sha256:447cd0d742c563df240b1aa60f5c9032683ce5825d0c51327159c2a1ec7abe71
  .claude/skills/merge-pr/tokens.json: sha256:08bfe13d4eb9f88f1470111712f2077f31a3c57237137738bb927c742fea2f7c
  .claude/skills/pr/SKILL.md: sha256:ee228a6f71b239e83cb9d1b4f89fda821f5864384fc314482bd280b2aee32b6e
  .claude/skills/pr/scripts/create-pr.sh: sha256:666eb5654bdb01717eef09c1e9e29381f13fb9b04ea88b1004fa7fd0b90fcff0
  .claude/skills/pr/scripts/guard-gh.sh: sha256:4d45156f8b21f4f505fdb33a4e40973d36a0115a8d49af1cb70e696c75275564
  .claude/skills/pr/scripts/preflight.sh: sha256:6e82a20ed3276d98c62ba3d2128fba8c03a90237e506ac585e5e398d281d7387
  .claude/skills/pr/scripts/stamp-review.sh: sha256:198b887cf78c83c596e39ee9703bc8948030340827c65fb6439d6736ff3fd260
  .claude/skills/pr/scripts/validate-description.sh: sha256:024882b913c0e42ea39a667b99d7e3932f1e575e4ac3b002ebd64d3306d63861
  .claude/skills/pr/tokens.json: sha256:17e96be262ca1597455c292a984b226d52a35671079f6287b91db2f2cc3a4058
  .claude/skills/review-commit-message/SKILL.md: sha256:f891f0a39f711a56cbfa578f9a8f34b7937f9d4205d6829e9e8e76ed98664f62
  .claude/skills/review-commit-message/tokens.json: sha256:b2d1047ebab2909ca26d197719f3eb11ecc5effc0b2e59ba2a8f5820572ea7e9
  .claude/skills/review-pr-description/SKILL.md: sha256:6b17e6d3a32153defc35e9f0fc6069ce9401db9e6d703197a4278ca4bc3f986e
  .claude/skills/review-pr-description/tokens.json: sha256:4c468c00058de4536581d7b4292c3335666c9c5e6c83e2e5516561098ef03bf2
  .claude/skills/review-squash-message/SKILL.md: sha256:9db35c03690aea83c48e78b8395a0d9cd59e3799727d916b31dc645d5c11f11f
  .claude/skills/review-squash-message/tokens.json: sha256:3e4ca5d92ec4f4477da7a0fedce1b82afe785479a670d30e2db130ace6804183
  .claude/skills/watch-pr/SKILL.md: sha256:69438c816533f7f0f9428323e9fd1bb489bb1dc93b5f4245c2a958eef70a1c2a
  .claude/skills/watch-pr/scripts/guard-watch.sh: sha256:267f29c29cd76de5f4e61ebb6b73245c838b9b7e15d076828a5db79d5b467946
  .claude/skills/watch-pr/scripts/watch-checks.sh: sha256:585f8d32f05d9653ce0766a8fb0bee23754a386c048365a70431fff4443ce461
  .claude/skills/watch-pr/tokens.json: sha256:4e017dfa7a18071a590171d8eb4c879d6006ace847b79688be6989ef5239a9d2
