lockfile_version: '1'
generated_at: '2026-06-12T03:31:53.572853+00:00'
dependencies: []
deployments:
- kind: project-relative
  target: claude
  value: .claude/hooks/agent-tools/hooks/go-lint.sh
  runtime: null
  scope: project
  owners:
  - .
  active_owner: .
  content_hash: sha256:43246da28ccda66e17acafae220197c6c95403292b342b44d7fc437453438f6c
- kind: project-relative
  target: claude
  value: .claude/rules/worktree-wip.md
  runtime: null
  scope: project
  owners:
  - .
  active_owner: .
  content_hash: sha256:0204082643d1ea505ae20eaf93e7d94dd52b65046f3e4f290ec7bbc5c6093634
- kind: project-relative
  target: claude
  value: .claude/skills/commit
  runtime: null
  scope: project
  owners:
  - .
  active_owner: .
  content_hash: null
- kind: project-relative
  target: claude
  value: .claude/skills/commit/SKILL.md
  runtime: null
  scope: project
  owners:
  - .
  active_owner: .
  content_hash: sha256:78bda86b9e1635829153bf364fd34bf537b98704e0d73a173f01e85d2717a4bd
- kind: project-relative
  target: claude
  value: .claude/skills/commit/scripts/commit.sh
  runtime: null
  scope: project
  owners:
  - .
  active_owner: .
  content_hash: sha256:5d60d85e655062fd7c63dfac3d4b0615c2aac8f166a41833bc248db1e3ddeb36
- kind: project-relative
  target: claude
  value: .claude/skills/commit/scripts/guard-git.sh
  runtime: null
  scope: project
  owners:
  - .
  active_owner: .
  content_hash: sha256:4b0d6c9b94229ebe174c21751e030e7ece662142d616b51b3542b97d7548ea15
- kind: project-relative
  target: claude
  value: .claude/skills/commit/scripts/preflight.sh
  runtime: null
  scope: project
  owners:
  - .
  active_owner: .
  content_hash: sha256:aa86398adae53090838087b2556d7514cd27b11ec0a6faaa118d3fac2318e1e3
- kind: project-relative
  target: claude
  value: .claude/skills/commit/scripts/stamp-review.sh
  runtime: null
  scope: project
  owners:
  - .
  active_owner: .
  content_hash: sha256:389438eb7d6317c54ca275e36180a803d5fcafce6abf8878abc51e47c53d1780
- kind: project-relative
  target: claude
  value: .claude/skills/commit/tokens.json
  runtime: null
  scope: project
  owners:
  - .
  active_owner: .
  content_hash: sha256:3fbd3fb7312719fdab2fd3fcb4b76753e085049cdf5cd4157fccb429b9f11936
- kind: project-relative
  target: claude
  value: .claude/skills/fix-pr
  runtime: null
  scope: project
  owners:
  - .
  active_owner: .
  content_hash: null
- kind: project-relative
  target: claude
  value: .claude/skills/fix-pr/SKILL.md
  runtime: null
  scope: project
  owners:
  - .
  active_owner: .
  content_hash: sha256:60174efb3ad3727a937c6e7e66de73bc05b1fd7bcd4f7fbe46f7f1c0f732373d
- kind: project-relative
  target: claude
  value: .claude/skills/fix-pr/scripts/diagnose.sh
  runtime: null
  scope: project
  owners:
  - .
  active_owner: .
  content_hash: sha256:767cb1d690577d182be7c2f80b62ba4259c08cc8d5125838c2ed0926cadcd60a
- kind: project-relative
  target: claude
  value: .claude/skills/fix-pr/scripts/guard-fix.sh
  runtime: null
  scope: project
  owners:
  - .
  active_owner: .
  content_hash: sha256:051720bb9d98d43d8a84176b4a5a01cb35c119973aba896df77785c5044af848
- kind: project-relative
  target: claude
  value: .claude/skills/fix-pr/scripts/populate-description.sh
  runtime: null
  scope: project
  owners:
  - .
  active_owner: .
  content_hash: sha256:69f249fcc5f07fdca7d74e8db832a7e8ba368bd7bc4b5738dbc01cb3d356ad83
- kind: project-relative
  target: claude
  value: .claude/skills/fix-pr/tokens.json
  runtime: null
  scope: project
  owners:
  - .
  active_owner: .
  content_hash: sha256:7703d490e937bea34e884447f5a6da9a1aebe1b1e0e1513db1fa913d2727d354
- kind: project-relative
  target: claude
  value: .claude/skills/merge-pr
  runtime: null
  scope: project
  owners:
  - .
  active_owner: .
  content_hash: null
- kind: project-relative
  target: claude
  value: .claude/skills/merge-pr/SKILL.md
  runtime: null
  scope: project
  owners:
  - .
  active_owner: .
  content_hash: sha256:845e83404a6d437b842907e6ff72627daec700966f891a1a781812dd45f30e6f
- kind: project-relative
  target: claude
  value: .claude/skills/merge-pr/scripts/guard-merge.sh
  runtime: null
  scope: project
  owners:
  - .
  active_owner: .
  content_hash: sha256:f36c2f0410b6ed7c3b874e946e5da7ba4ded171e673b088a121010942d75bbef
- kind: project-relative
  target: claude
  value: .claude/skills/merge-pr/scripts/populate-description.sh
  runtime: null
  scope: project
  owners:
  - .
  active_owner: .
  content_hash: sha256:69f249fcc5f07fdca7d74e8db832a7e8ba368bd7bc4b5738dbc01cb3d356ad83
- kind: project-relative
  target: claude
  value: .claude/skills/merge-pr/scripts/preflight.sh
  runtime: null
  scope: project
  owners:
  - .
  active_owner: .
  content_hash: sha256:800297e011e1a0fef777441bfcf9bdd01e71a01928d2b18037509af4977e661f
- kind: project-relative
  target: claude
  value: .claude/skills/merge-pr/scripts/squash-merge.sh
  runtime: null
  scope: project
  owners:
  - .
  active_owner: .
  content_hash: sha256:7bdc46b8ba74ee427c44544ab3bcd9436616ff0ad051e193ef458838c5ca4c5b
- kind: project-relative
  target: claude
  value: .claude/skills/merge-pr/scripts/squash-message.sh
  runtime: null
  scope: project
  owners:
  - .
  active_owner: .
  content_hash: sha256:bec94b6f72d00d2d2e8047a2c4f0b4158ce67ff5c093497bfd29a94e6c8468f7
- kind: project-relative
  target: claude
  value: .claude/skills/merge-pr/scripts/stamp-review.sh
  runtime: null
  scope: project
  owners:
  - .
  active_owner: .
  content_hash: sha256:447cd0d742c563df240b1aa60f5c9032683ce5825d0c51327159c2a1ec7abe71
- kind: project-relative
  target: claude
  value: .claude/skills/merge-pr/tokens.json
  runtime: null
  scope: project
  owners:
  - .
  active_owner: .
  content_hash: sha256:6261c3915031e6063d4f8e3bfc63644246c4c3c4a8ac311962f9d968c3710c21
- kind: project-relative
  target: claude
  value: .claude/skills/pr
  runtime: null
  scope: project
  owners:
  - .
  active_owner: .
  content_hash: null
- kind: project-relative
  target: claude
  value: .claude/skills/pr/SKILL.md
  runtime: null
  scope: project
  owners:
  - .
  active_owner: .
  content_hash: sha256:54c752e1d13bbf3d9a96694657176ed4d540abc79cea7424fc212249033d95b3
- kind: project-relative
  target: claude
  value: .claude/skills/pr/scripts/create-pr.sh
  runtime: null
  scope: project
  owners:
  - .
  active_owner: .
  content_hash: sha256:666eb5654bdb01717eef09c1e9e29381f13fb9b04ea88b1004fa7fd0b90fcff0
- kind: project-relative
  target: claude
  value: .claude/skills/pr/scripts/guard-gh.sh
  runtime: null
  scope: project
  owners:
  - .
  active_owner: .
  content_hash: sha256:4d45156f8b21f4f505fdb33a4e40973d36a0115a8d49af1cb70e696c75275564
- kind: project-relative
  target: claude
  value: .claude/skills/pr/scripts/preflight.sh
  runtime: null
  scope: project
  owners:
  - .
  active_owner: .
  content_hash: sha256:d6799fe11c94cc0db5d7cfe7edb8c301ee9603e1cdf48d2c6f2247c3824ff48f
- kind: project-relative
  target: claude
  value: .claude/skills/pr/scripts/scaffold-description.sh
  runtime: null
  scope: project
  owners:
  - .
  active_owner: .
  content_hash: sha256:0d6b83eec9b59dd205632f1254fd8bc31bd8f860d45c7bb5f2cf1ec84d00e3db
- kind: project-relative
  target: claude
  value: .claude/skills/pr/scripts/stamp-review.sh
  runtime: null
  scope: project
  owners:
  - .
  active_owner: .
  content_hash: sha256:198b887cf78c83c596e39ee9703bc8948030340827c65fb6439d6736ff3fd260
- kind: project-relative
  target: claude
  value: .claude/skills/pr/scripts/validate-description.sh
  runtime: null
  scope: project
  owners:
  - .
  active_owner: .
  content_hash: sha256:024882b913c0e42ea39a667b99d7e3932f1e575e4ac3b002ebd64d3306d63861
- kind: project-relative
  target: claude
  value: .claude/skills/pr/tokens.json
  runtime: null
  scope: project
  owners:
  - .
  active_owner: .
  content_hash: sha256:147ae919f75cb1d1b3e7cb4ffa1c4a016671cb33c1690634d8ccda9d8f368d60
- kind: project-relative
  target: claude
  value: .claude/skills/review-commit-message
  runtime: null
  scope: project
  owners:
  - .
  active_owner: .
  content_hash: null
- kind: project-relative
  target: claude
  value: .claude/skills/review-commit-message/SKILL.md
  runtime: null
  scope: project
  owners:
  - .
  active_owner: .
  content_hash: sha256:5a02ff2ee3419a12dc71b2e298ee97f9d02928e51f92eb769a75762a5866414c
- kind: project-relative
  target: claude
  value: .claude/skills/review-commit-message/tokens.json
  runtime: null
  scope: project
  owners:
  - .
  active_owner: .
  content_hash: sha256:97d50df77eb89bbba01e7c17408ba6fd228ad036d6c27537660c566d3e77fa05
- kind: project-relative
  target: claude
  value: .claude/skills/review-pr-description
  runtime: null
  scope: project
  owners:
  - .
  active_owner: .
  content_hash: null
- kind: project-relative
  target: claude
  value: .claude/skills/review-pr-description/SKILL.md
  runtime: null
  scope: project
  owners:
  - .
  active_owner: .
  content_hash: sha256:b73e53c7011fbd9f16d922b2fe7482bbc2ba13628c8d53d9f897625a202aaeb7
- kind: project-relative
  target: claude
  value: .claude/skills/review-pr-description/tokens.json
  runtime: null
  scope: project
  owners:
  - .
  active_owner: .
  content_hash: sha256:44eb0e93c0e155142f79b8101fab86ac6cba62c6d451fc9ac68006d8f955f9c2
- kind: project-relative
  target: claude
  value: .claude/skills/review-squash-message
  runtime: null
  scope: project
  owners:
  - .
  active_owner: .
  content_hash: null
- kind: project-relative
  target: claude
  value: .claude/skills/review-squash-message/SKILL.md
  runtime: null
  scope: project
  owners:
  - .
  active_owner: .
  content_hash: sha256:9db35c03690aea83c48e78b8395a0d9cd59e3799727d916b31dc645d5c11f11f
- kind: project-relative
  target: claude
  value: .claude/skills/review-squash-message/tokens.json
  runtime: null
  scope: project
  owners:
  - .
  active_owner: .
  content_hash: sha256:3e4ca5d92ec4f4477da7a0fedce1b82afe785479a670d30e2db130ace6804183
- kind: project-relative
  target: claude
  value: .claude/skills/watch-pr
  runtime: null
  scope: project
  owners:
  - .
  active_owner: .
  content_hash: null
- kind: project-relative
  target: claude
  value: .claude/skills/watch-pr/SKILL.md
  runtime: null
  scope: project
  owners:
  - .
  active_owner: .
  content_hash: sha256:69438c816533f7f0f9428323e9fd1bb489bb1dc93b5f4245c2a958eef70a1c2a
- kind: project-relative
  target: claude
  value: .claude/skills/watch-pr/scripts/guard-watch.sh
  runtime: null
  scope: project
  owners:
  - .
  active_owner: .
  content_hash: sha256:267f29c29cd76de5f4e61ebb6b73245c838b9b7e15d076828a5db79d5b467946
- kind: project-relative
  target: claude
  value: .claude/skills/watch-pr/scripts/watch-checks.sh
  runtime: null
  scope: project
  owners:
  - .
  active_owner: .
  content_hash: sha256:585f8d32f05d9653ce0766a8fb0bee23754a386c048365a70431fff4443ce461
- kind: project-relative
  target: claude
  value: .claude/skills/watch-pr/tokens.json
  runtime: null
  scope: project
  owners:
  - .
  active_owner: .
  content_hash: sha256:4e017dfa7a18071a590171d8eb4c879d6006ace847b79688be6989ef5239a9d2
- kind: project-relative
  target: claude
  value: .claude/skills/write-pr-description
  runtime: null
  scope: project
  owners:
  - .
  active_owner: .
  content_hash: null
- kind: project-relative
  target: claude
  value: .claude/skills/write-pr-description/SKILL.md
  runtime: null
  scope: project
  owners:
  - .
  active_owner: .
  content_hash: sha256:72c12902b1d9c3032ec4cf42f51f618498f95352c507cfc4a4e5b9788f19301d
- kind: project-relative
  target: claude
  value: .claude/skills/write-pr-description/scripts/context.sh
  runtime: null
  scope: project
  owners:
  - .
  active_owner: .
  content_hash: sha256:13baf0c514f6a0ff36a214dfe143fcbcc874208e0b41701c300cfce292430c4d
- kind: project-relative
  target: claude
  value: .claude/skills/write-pr-description/scripts/guard-draft.sh
  runtime: null
  scope: project
  owners:
  - .
  active_owner: .
  content_hash: sha256:9a0e2dfa4359273a75e9ec6b067142587732ddeb4f9029ad834f1da7e78e1f7a
- kind: project-relative
  target: claude
  value: .claude/skills/write-pr-description/tokens.json
  runtime: null
  scope: project
  owners:
  - .
  active_owner: .
  content_hash: sha256:c27073b0132f9288e7169af6c432c9ef7e0abeaa2d67f371ea8fcd8355a0181c
local_deployed_files:
- .claude/hooks/agent-tools/hooks/go-lint.sh
- .claude/rules/worktree-wip.md
- .claude/skills/commit
- .claude/skills/commit/SKILL.md
- .claude/skills/commit/scripts/commit.sh
- .claude/skills/commit/scripts/guard-git.sh
- .claude/skills/commit/scripts/preflight.sh
- .claude/skills/commit/scripts/stamp-review.sh
- .claude/skills/commit/tokens.json
- .claude/skills/fix-pr
- .claude/skills/fix-pr/SKILL.md
- .claude/skills/fix-pr/scripts/diagnose.sh
- .claude/skills/fix-pr/scripts/guard-fix.sh
- .claude/skills/fix-pr/scripts/populate-description.sh
- .claude/skills/fix-pr/tokens.json
- .claude/skills/merge-pr
- .claude/skills/merge-pr/SKILL.md
- .claude/skills/merge-pr/scripts/guard-merge.sh
- .claude/skills/merge-pr/scripts/populate-description.sh
- .claude/skills/merge-pr/scripts/preflight.sh
- .claude/skills/merge-pr/scripts/squash-merge.sh
- .claude/skills/merge-pr/scripts/squash-message.sh
- .claude/skills/merge-pr/scripts/stamp-review.sh
- .claude/skills/merge-pr/tokens.json
- .claude/skills/pr
- .claude/skills/pr/SKILL.md
- .claude/skills/pr/scripts/create-pr.sh
- .claude/skills/pr/scripts/guard-gh.sh
- .claude/skills/pr/scripts/preflight.sh
- .claude/skills/pr/scripts/scaffold-description.sh
- .claude/skills/pr/scripts/stamp-review.sh
- .claude/skills/pr/scripts/validate-description.sh
- .claude/skills/pr/tokens.json
- .claude/skills/review-commit-message
- .claude/skills/review-commit-message/SKILL.md
- .claude/skills/review-commit-message/tokens.json
- .claude/skills/review-pr-description
- .claude/skills/review-pr-description/SKILL.md
- .claude/skills/review-pr-description/tokens.json
- .claude/skills/review-squash-message
- .claude/skills/review-squash-message/SKILL.md
- .claude/skills/review-squash-message/tokens.json
- .claude/skills/watch-pr
- .claude/skills/watch-pr/SKILL.md
- .claude/skills/watch-pr/scripts/guard-watch.sh
- .claude/skills/watch-pr/scripts/watch-checks.sh
- .claude/skills/watch-pr/tokens.json
- .claude/skills/write-pr-description
- .claude/skills/write-pr-description/SKILL.md
- .claude/skills/write-pr-description/scripts/context.sh
- .claude/skills/write-pr-description/scripts/guard-draft.sh
- .claude/skills/write-pr-description/tokens.json
local_deployed_file_hashes:
  .claude/hooks/agent-tools/hooks/go-lint.sh: sha256:43246da28ccda66e17acafae220197c6c95403292b342b44d7fc437453438f6c
  .claude/rules/worktree-wip.md: sha256:0204082643d1ea505ae20eaf93e7d94dd52b65046f3e4f290ec7bbc5c6093634
  .claude/skills/commit/SKILL.md: sha256:78bda86b9e1635829153bf364fd34bf537b98704e0d73a173f01e85d2717a4bd
  .claude/skills/commit/scripts/commit.sh: sha256:5d60d85e655062fd7c63dfac3d4b0615c2aac8f166a41833bc248db1e3ddeb36
  .claude/skills/commit/scripts/guard-git.sh: sha256:4b0d6c9b94229ebe174c21751e030e7ece662142d616b51b3542b97d7548ea15
  .claude/skills/commit/scripts/preflight.sh: sha256:aa86398adae53090838087b2556d7514cd27b11ec0a6faaa118d3fac2318e1e3
  .claude/skills/commit/scripts/stamp-review.sh: sha256:389438eb7d6317c54ca275e36180a803d5fcafce6abf8878abc51e47c53d1780
  .claude/skills/commit/tokens.json: sha256:3fbd3fb7312719fdab2fd3fcb4b76753e085049cdf5cd4157fccb429b9f11936
  .claude/skills/fix-pr/SKILL.md: sha256:60174efb3ad3727a937c6e7e66de73bc05b1fd7bcd4f7fbe46f7f1c0f732373d
  .claude/skills/fix-pr/scripts/diagnose.sh: sha256:767cb1d690577d182be7c2f80b62ba4259c08cc8d5125838c2ed0926cadcd60a
  .claude/skills/fix-pr/scripts/guard-fix.sh: sha256:051720bb9d98d43d8a84176b4a5a01cb35c119973aba896df77785c5044af848
  .claude/skills/fix-pr/scripts/populate-description.sh: sha256:69f249fcc5f07fdca7d74e8db832a7e8ba368bd7bc4b5738dbc01cb3d356ad83
  .claude/skills/fix-pr/tokens.json: sha256:7703d490e937bea34e884447f5a6da9a1aebe1b1e0e1513db1fa913d2727d354
  .claude/skills/merge-pr/SKILL.md: sha256:845e83404a6d437b842907e6ff72627daec700966f891a1a781812dd45f30e6f
  .claude/skills/merge-pr/scripts/guard-merge.sh: sha256:f36c2f0410b6ed7c3b874e946e5da7ba4ded171e673b088a121010942d75bbef
  .claude/skills/merge-pr/scripts/populate-description.sh: sha256:69f249fcc5f07fdca7d74e8db832a7e8ba368bd7bc4b5738dbc01cb3d356ad83
  .claude/skills/merge-pr/scripts/preflight.sh: sha256:800297e011e1a0fef777441bfcf9bdd01e71a01928d2b18037509af4977e661f
  .claude/skills/merge-pr/scripts/squash-merge.sh: sha256:7bdc46b8ba74ee427c44544ab3bcd9436616ff0ad051e193ef458838c5ca4c5b
  .claude/skills/merge-pr/scripts/squash-message.sh: sha256:bec94b6f72d00d2d2e8047a2c4f0b4158ce67ff5c093497bfd29a94e6c8468f7
  .claude/skills/merge-pr/scripts/stamp-review.sh: sha256:447cd0d742c563df240b1aa60f5c9032683ce5825d0c51327159c2a1ec7abe71
  .claude/skills/merge-pr/tokens.json: sha256:6261c3915031e6063d4f8e3bfc63644246c4c3c4a8ac311962f9d968c3710c21
  .claude/skills/pr/SKILL.md: sha256:54c752e1d13bbf3d9a96694657176ed4d540abc79cea7424fc212249033d95b3
  .claude/skills/pr/scripts/create-pr.sh: sha256:666eb5654bdb01717eef09c1e9e29381f13fb9b04ea88b1004fa7fd0b90fcff0
  .claude/skills/pr/scripts/guard-gh.sh: sha256:4d45156f8b21f4f505fdb33a4e40973d36a0115a8d49af1cb70e696c75275564
  .claude/skills/pr/scripts/preflight.sh: sha256:d6799fe11c94cc0db5d7cfe7edb8c301ee9603e1cdf48d2c6f2247c3824ff48f
  .claude/skills/pr/scripts/scaffold-description.sh: sha256:0d6b83eec9b59dd205632f1254fd8bc31bd8f860d45c7bb5f2cf1ec84d00e3db
  .claude/skills/pr/scripts/stamp-review.sh: sha256:198b887cf78c83c596e39ee9703bc8948030340827c65fb6439d6736ff3fd260
  .claude/skills/pr/scripts/validate-description.sh: sha256:024882b913c0e42ea39a667b99d7e3932f1e575e4ac3b002ebd64d3306d63861
  .claude/skills/pr/tokens.json: sha256:147ae919f75cb1d1b3e7cb4ffa1c4a016671cb33c1690634d8ccda9d8f368d60
  .claude/skills/review-commit-message/SKILL.md: sha256:5a02ff2ee3419a12dc71b2e298ee97f9d02928e51f92eb769a75762a5866414c
  .claude/skills/review-commit-message/tokens.json: sha256:97d50df77eb89bbba01e7c17408ba6fd228ad036d6c27537660c566d3e77fa05
  .claude/skills/review-pr-description/SKILL.md: sha256:b73e53c7011fbd9f16d922b2fe7482bbc2ba13628c8d53d9f897625a202aaeb7
  .claude/skills/review-pr-description/tokens.json: sha256:44eb0e93c0e155142f79b8101fab86ac6cba62c6d451fc9ac68006d8f955f9c2
  .claude/skills/review-squash-message/SKILL.md: sha256:9db35c03690aea83c48e78b8395a0d9cd59e3799727d916b31dc645d5c11f11f
  .claude/skills/review-squash-message/tokens.json: sha256:3e4ca5d92ec4f4477da7a0fedce1b82afe785479a670d30e2db130ace6804183
  .claude/skills/watch-pr/SKILL.md: sha256:69438c816533f7f0f9428323e9fd1bb489bb1dc93b5f4245c2a958eef70a1c2a
  .claude/skills/watch-pr/scripts/guard-watch.sh: sha256:267f29c29cd76de5f4e61ebb6b73245c838b9b7e15d076828a5db79d5b467946
  .claude/skills/watch-pr/scripts/watch-checks.sh: sha256:585f8d32f05d9653ce0766a8fb0bee23754a386c048365a70431fff4443ce461
  .claude/skills/watch-pr/tokens.json: sha256:4e017dfa7a18071a590171d8eb4c879d6006ace847b79688be6989ef5239a9d2
  .claude/skills/write-pr-description/SKILL.md: sha256:72c12902b1d9c3032ec4cf42f51f618498f95352c507cfc4a4e5b9788f19301d
  .claude/skills/write-pr-description/scripts/context.sh: sha256:13baf0c514f6a0ff36a214dfe143fcbcc874208e0b41701c300cfce292430c4d
  .claude/skills/write-pr-description/scripts/guard-draft.sh: sha256:9a0e2dfa4359273a75e9ec6b067142587732ddeb4f9029ad834f1da7e78e1f7a
  .claude/skills/write-pr-description/tokens.json: sha256:c27073b0132f9288e7169af6c432c9ef7e0abeaa2d67f371ea8fcd8355a0181c
