lockfile_version: '1'
generated_at: '2026-06-12T03:31:53.572853+00:00'
dependencies: []
local_deployed_files:
- .claude/rules/worktree-wip.md
- .claude/skills/commit
- .claude/skills/commit/SKILL.md
local_deployed_file_hashes:
  .claude/rules/worktree-wip.md: sha256:0204082643d1ea505ae20eaf93e7d94dd52b65046f3e4f290ec7bbc5c6093634
  .claude/skills/commit/SKILL.md: sha256:533f0c78cde63f97d2e27e41431fb91905fc45dd5886662fee0df3acab5f397c
