# @generated - this file is auto-generated by `mise lock` https://mise.jdx.dev/dev-tools/mise-lock.html

[[tools.biome]]
version = "2.5.6"
backend = "aqua:biomejs/biome"

[tools.biome."platforms.linux-arm64"]
checksum = "sha256:be5850727c7ef88516bf0495d345b50bf0e3507c361e912bf24f7329930ea22c"
url = "https://github.com/biomejs/biome/releases/download/%40biomejs/biome%402.5.6/biome-linux-arm64"
url_api = "https://api.github.com/repos/biomejs/biome/releases/assets/492555464"
provenance = "github-attestations"

[tools.biome."platforms.linux-x64"]
checksum = "sha256:3cc9a0c3fa26ac26a89e8a3b203c010c9ae88e36f69a2679e79981f267ce9d57"
url = "https://github.com/biomejs/biome/releases/download/%40biomejs/biome%402.5.6/biome-linux-x64"
url_api = "https://api.github.com/repos/biomejs/biome/releases/assets/492555463"
provenance = "github-attestations"

[tools.biome."platforms.macos-arm64"]
checksum = "sha256:5dba813a5ee1bd2749b9f3ee020e1f42d3fbd8fda7ed1d5d4df23fdb87e76579"
url = "https://github.com/biomejs/biome/releases/download/%40biomejs/biome%402.5.6/biome-darwin-arm64"
url_api = "https://api.github.com/repos/biomejs/biome/releases/assets/492555462"
provenance = "github-attestations"

[tools.biome."platforms.windows-x64"]
checksum = "sha256:47b7c8f59181870782dbeb26bfa45a51229a277ffd458f5cf852dc96dfd3999c"
url = "https://github.com/biomejs/biome/releases/download/%40biomejs/biome%402.5.6/biome-win32-x64.exe"
url_api = "https://api.github.com/repos/biomejs/biome/releases/assets/492555468"
provenance = "github-attestations"

[[tools.cocogitto]]
version = "7.0.0"
backend = "aqua:cocogitto/cocogitto"

[tools.cocogitto."platforms.linux-arm64"]
checksum = "sha256:379949f50c4f8245ef9532913e83f351c048b55e40ebd52ed8a850642c07a753"
url = "https://github.com/cocogitto/cocogitto/releases/download/7.0.0/cocogitto-7.0.0-aarch64-unknown-linux-gnu.tar.gz"
url_api = "https://api.github.com/repos/cocogitto/cocogitto/releases/assets/366659384"

[tools.cocogitto."platforms.linux-x64"]
checksum = "sha256:e03938ff2c4c86d71c00c0f3284dbbe95c5ca76fe34a51f33e945c23010d59bb"
url = "https://github.com/cocogitto/cocogitto/releases/download/7.0.0/cocogitto-7.0.0-x86_64-unknown-linux-musl.tar.gz"
url_api = "https://api.github.com/repos/cocogitto/cocogitto/releases/assets/366659350"

[tools.cocogitto."platforms.macos-arm64"]
checksum = "sha256:429303b6d68c6461aa221ab4de82b26d0bbcdee7127947ea9c7c411ab9bc574c"
url = "https://github.com/cocogitto/cocogitto/releases/download/7.0.0/cocogitto-7.0.0-aarch64-apple-darwin.tar.gz"
url_api = "https://api.github.com/repos/cocogitto/cocogitto/releases/assets/366659431"

[tools.cocogitto."platforms.windows-x64"]
checksum = "sha256:074f68f05d270da5c0d69d3e234ec362bec4c6e3189c21d1c948d038603655d7"
url = "https://github.com/cocogitto/cocogitto/releases/download/7.0.0/cocogitto-7.0.0-x86_64-pc-windows-msvc.tar.gz"
url_api = "https://api.github.com/repos/cocogitto/cocogitto/releases/assets/366659399"

[[tools.cspell]]
version = "10.0.1"
backend = "npm:cspell"

[[tools.go]]
version = "1.26.5"
backend = "core:go"

[tools.go."platforms.linux-arm64"]
checksum = "sha256:fe4789e92b1f33358680864bbe8704289e7bb5fc207d80623c308935bd696d49"
url = "https://dl.google.com/go/go1.26.5.linux-arm64.tar.gz"

[tools.go."platforms.linux-x64"]
checksum = "sha256:5c2c3b16caefa1d968a94c1daca04a7ca301a496d9b086e17ad77bb81393f053"
url = "https://dl.google.com/go/go1.26.5.linux-amd64.tar.gz"

[tools.go."platforms.macos-arm64"]
checksum = "sha256:efb87ff28af9a188d0536ef5d42e63dd52ba8263cd7344a993cc48dd11dedb6a"
url = "https://dl.google.com/go/go1.26.5.darwin-arm64.tar.gz"

[tools.go."platforms.windows-x64"]
checksum = "sha256:97e6b2a833b6d89f9ff17d25419ac0a7e3b482a044e9ab18cdef834bd834fd38"
url = "https://dl.google.com/go/go1.26.5.windows-amd64.zip"

[[tools."go:github.com/editorconfig-checker/editorconfig-checker/v3/cmd/editorconfig-checker"]]
version = "3.9.0"
backend = "go:github.com/editorconfig-checker/editorconfig-checker/v3/cmd/editorconfig-checker"

[[tools.just]]
version = "1.57.0"
backend = "aqua:casey/just"

[tools.just."platforms.linux-arm64"]
checksum = "sha256:f225044a81adea6e0b3a8b9370aaf374e6af76c8735ae263ac993df55fd137ec"
url = "https://github.com/casey/just/releases/download/1.57.0/just-1.57.0-aarch64-unknown-linux-musl.tar.gz"
url_api = "https://api.github.com/repos/casey/just/releases/assets/481976912"

[tools.just."platforms.linux-x64"]
checksum = "sha256:45b548094283cb9739af8f13273b8cddeee869f5b4ef2bb631b1f311cb566155"
url = "https://github.com/casey/just/releases/download/1.57.0/just-1.57.0-x86_64-unknown-linux-musl.tar.gz"
url_api = "https://api.github.com/repos/casey/just/releases/assets/481976790"

[tools.just."platforms.macos-arm64"]
checksum = "sha256:0381db216c2f97ce31d838a1562c1064dfbfa73f5a8a81581338a2cd9217df47"
url = "https://github.com/casey/just/releases/download/1.57.0/just-1.57.0-aarch64-apple-darwin.tar.gz"
url_api = "https://api.github.com/repos/casey/just/releases/assets/481976803"

[tools.just."platforms.windows-x64"]
checksum = "sha256:4c7391d17cb1d17b758b52004ee6411372b8a13ff37c3c9b9031625cb6026e09"
url = "https://github.com/casey/just/releases/download/1.57.0/just-1.57.0-x86_64-pc-windows-msvc.zip"
url_api = "https://api.github.com/repos/casey/just/releases/assets/481977734"

[[tools.node]]
version = "24.18.1"
backend = "core:node"

[tools.node."platforms.linux-arm64"]
checksum = "sha256:df224555a083b918e46260cc969838501b9f9a87140c1195e5b9597b56d5dae2"
url = "https://nodejs.org/dist/v24.18.1/node-v24.18.1-linux-arm64.tar.gz"

[tools.node."platforms.linux-x64"]
checksum = "sha256:9f5eb6ac21845a66c493c91a253b1da32fd684e89e9b7202d4936982336be4ca"
url = "https://nodejs.org/dist/v24.18.1/node-v24.18.1-linux-x64.tar.gz"

[tools.node."platforms.macos-arm64"]
checksum = "sha256:eb02f7fab96d3d67de40c5ec8566096fcb4c2026728787683ae5a97eb612b941"
url = "https://nodejs.org/dist/v24.18.1/node-v24.18.1-darwin-arm64.tar.gz"

[tools.node."platforms.windows-x64"]
checksum = "sha256:ec56b84a7551893ab2324ebdfdc4ab974a63b4781162600b68a1293cc3e53765"
url = "https://nodejs.org/dist/v24.18.1/node-v24.18.1-win-x64.zip"

[[tools.prek]]
version = "0.4.11"
backend = "aqua:j178/prek"

[tools.prek."platforms.linux-arm64"]
checksum = "sha256:ee5a28295d501486ffc6ea369bcf4e702ae2394c376fea2fbc78916031636384"
url = "https://github.com/j178/prek/releases/download/v0.4.11/prek-aarch64-unknown-linux-musl.tar.gz"
url_api = "https://api.github.com/repos/j178/prek/releases/assets/488626443"
provenance = "github-attestations"

[tools.prek."platforms.linux-x64"]
checksum = "sha256:fadf7f14fb570cb38051e8651cfe3b3b11ea499207a245c2aff09585cccb776a"
url = "https://github.com/j178/prek/releases/download/v0.4.11/prek-x86_64-unknown-linux-musl.tar.gz"
url_api = "https://api.github.com/repos/j178/prek/releases/assets/488626498"
provenance = "github-attestations"

[tools.prek."platforms.macos-arm64"]
checksum = "sha256:92f8133ba6ff1c16066d9af521f7a72db6235becc845021363238fa8539c1132"
url = "https://github.com/j178/prek/releases/download/v0.4.11/prek-aarch64-apple-darwin.tar.gz"
url_api = "https://api.github.com/repos/j178/prek/releases/assets/488626436"
provenance = "github-attestations"

[tools.prek."platforms.windows-x64"]
checksum = "sha256:64eae0b1bafd6798cd0d0d634b2f5c2f7131944e8ca1d25b670b3f87bec563ff"
url = "https://github.com/j178/prek/releases/download/v0.4.11/prek-x86_64-pc-windows-msvc.zip"
url_api = "https://api.github.com/repos/j178/prek/releases/assets/488626488"
provenance = "github-attestations"

[[tools.rumdl]]
version = "0.2.48"
backend = "aqua:rvben/rumdl"

[tools.rumdl."platforms.linux-arm64"]
checksum = "sha256:4812fae9bb625b322a99cbfb489df01320525255dd5c59b262075048c27d53b9"
url = "https://github.com/rvben/rumdl/releases/download/v0.2.48/rumdl-v0.2.48-aarch64-unknown-linux-musl.tar.gz"
url_api = "https://api.github.com/repos/rvben/rumdl/releases/assets/497748223"
provenance = "github-attestations"

[tools.rumdl."platforms.linux-x64"]
checksum = "sha256:d04ca4db4bbb971dec5218b44e6846c08f4cc0e2f191d38f9c4cf3ae6459602f"
url = "https://github.com/rvben/rumdl/releases/download/v0.2.48/rumdl-v0.2.48-x86_64-unknown-linux-musl.tar.gz"
url_api = "https://api.github.com/repos/rvben/rumdl/releases/assets/497748216"
provenance = "github-attestations"

[tools.rumdl."platforms.macos-arm64"]
checksum = "sha256:d98ef1933909b34413158b09dd7b682962b6376d115bafa5b204a13704e0c0f6"
url = "https://github.com/rvben/rumdl/releases/download/v0.2.48/rumdl-v0.2.48-aarch64-apple-darwin.tar.gz"
url_api = "https://api.github.com/repos/rvben/rumdl/releases/assets/497748226"
provenance = "github-attestations"

[tools.rumdl."platforms.windows-x64"]
checksum = "sha256:6f2ca1bb0f75abbe9f7513c4758385de2a987f2053361cd32841b46d00d359d1"
url = "https://github.com/rvben/rumdl/releases/download/v0.2.48/rumdl-v0.2.48-x86_64-pc-windows-msvc.zip"
url_api = "https://api.github.com/repos/rvben/rumdl/releases/assets/497748225"
provenance = "github-attestations"

[[tools.tombi]]
version = "1.2.5"
backend = "aqua:tombi-toml/tombi"

[tools.tombi."platforms.linux-arm64"]
checksum = "sha256:0fa62b48aba40759e88a77e86ed20871819f0c15d9566cd56b17b71ece8b836b"
url = "https://github.com/tombi-toml/tombi/releases/download/v1.2.5/tombi-cli-1.2.5-aarch64-unknown-linux-musl.tar.gz"
url_api = "https://api.github.com/repos/tombi-toml/tombi/releases/assets/496096092"
provenance = "github-attestations"

[tools.tombi."platforms.linux-x64"]
checksum = "sha256:05385bdf47d10828c1fc27190ee0ad44b777a57f56ea95c9ef568c845e3b7872"
url = "https://github.com/tombi-toml/tombi/releases/download/v1.2.5/tombi-cli-1.2.5-x86_64-unknown-linux-musl.tar.gz"
url_api = "https://api.github.com/repos/tombi-toml/tombi/releases/assets/496096100"
provenance = "github-attestations"

[tools.tombi."platforms.macos-arm64"]
checksum = "sha256:e4c3dd5346650b80afa516b851e0bffb4ea8a8b51ced974712fd0dd10cb893ee"
url = "https://github.com/tombi-toml/tombi/releases/download/v1.2.5/tombi-cli-1.2.5-aarch64-apple-darwin.tar.gz"
url_api = "https://api.github.com/repos/tombi-toml/tombi/releases/assets/496096095"
provenance = "github-attestations"

[tools.tombi."platforms.windows-x64"]
checksum = "sha256:c338abcf1b1d088ad9436d3cc0a37d5ce82cde414de56ef693ceec2ce8aa3ec7"
url = "https://github.com/tombi-toml/tombi/releases/download/v1.2.5/tombi-cli-1.2.5-x86_64-pc-windows-msvc.zip"
url_api = "https://api.github.com/repos/tombi-toml/tombi/releases/assets/496096098"
provenance = "github-attestations"

[[tools.vale]]
version = "3.17.0"
backend = "aqua:vale-cli/vale"

[tools.vale."platforms.linux-arm64"]
checksum = "sha256:c7da52f10d25fb97e14370b2f77ac5ebdbd23cf0abc156659463cfa785282692"
url = "https://github.com/vale-cli/vale/releases/download/v3.17.0/vale_3.17.0_Linux_arm64.tar.gz"
url_api = "https://api.github.com/repos/vale-cli/vale/releases/assets/496928424"

[tools.vale."platforms.linux-x64"]
checksum = "sha256:a903f1f60c3293fac643e0137f599a462881cc691ee19d6120dcfc786f1be86d"
url = "https://github.com/vale-cli/vale/releases/download/v3.17.0/vale_3.17.0_Linux_64-bit.tar.gz"
url_api = "https://api.github.com/repos/vale-cli/vale/releases/assets/496928421"

[tools.vale."platforms.macos-arm64"]
checksum = "sha256:43c3707c17c92c8daf9afff0febf85db803b4a403f3b3ceb66a6e82d39fe5b52"
url = "https://github.com/vale-cli/vale/releases/download/v3.17.0/vale_3.17.0_macOS_arm64.tar.gz"
url_api = "https://api.github.com/repos/vale-cli/vale/releases/assets/496928426"

[tools.vale."platforms.windows-x64"]
checksum = "sha256:7294214b10104bdcbad027f2a59b0e468f24edb739ea03befcef6d491bdcf58f"
url = "https://github.com/vale-cli/vale/releases/download/v3.17.0/vale_3.17.0_Windows_64-bit.zip"
url_api = "https://api.github.com/repos/vale-cli/vale/releases/assets/496928444"

[[tools.yamllint]]
version = "1.38.0"
backend = "pipx:yamllint"
